
Microsoft Visual Studio Solution File, Format Version 12.00
# Visual Studio Version 17
VisualStudioVersion = 17.14.36429.23 d17.14
MinimumVisualStudioVersion = 10.0.40219.1
Project("{F184B08F-C81C-45F6-A57F-5ABD9991F28F}") = "ProjectInventarisBarangSekolah", "ProjectInventarisBarangSekolah\ProjectInventarisBarangSekolah.vbproj", "{E54F7CF3-F3A8-405A-991F-46D945101932}"
EndProject
Global
	GlobalSection(SolutionConfigurationPlatforms) = preSolution
		Debug|Any CPU = Debug|Any CPU
		Release|Any CPU = Release|Any CPU
	EndGlobalSection
	GlobalSection(ProjectConfigurationPlatforms) = postSolution
		{E54F7CF3-F3A8-405A-991F-46D945101932}.Debug|Any CPU.ActiveCfg = Debug|Any CPU
		{E54F7CF3-F3A8-405A-991F-46D945101932}.Debug|Any CPU.Build.0 = Debug|Any CPU
		{E54F7CF3-F3A8-405A-991F-46D945101932}.Release|Any CPU.ActiveCfg = Release|Any CPU
		{E54F7CF3-F3A8-405A-991F-46D945101932}.Release|Any CPU.Build.0 = Release|Any CPU
	EndGlobalSection
	GlobalSection(SolutionProperties) = preSolution
		HideSolutionNode = FALSE
	EndGlobalSection
	GlobalSection(ExtensibilityGlobals) = postSolution
		SolutionGuid = {3ECAA84B-95D8-4CEA-AB91-0519E0A31CA6}
	EndGlobalSection
EndGlobal
